// !$*UTF8*$!
{
	archiveVersion = 1;
	classes = {
	};
	objectVersion = 50;
	objects = {

/* Begin PBXBuildFile section */
		1612016F21A9977600EAAF0B /* ByteConverter.swift in Sources */ = {isa = PBXBuildFile; fileRef = 1612016E21A9977600EAAF0B /* ByteConverter.swift */; };
		1666E4C021A82A6700D6496B /* Constants.swift in Sources */ = {isa = PBXBuildFile; fileRef = 1666E4BF21A82A6700D6496B /* Constants.swift */; };
		167067DD21B3429A00D0F1A3 /* PropertyByRegionAndNumber.swift in Sources */ = {isa = PBXBuildFile; fileRef = 167067DC21B3429A00D0F1A3 /* PropertyByRegionAndNumber.swift */; };
		167067DF21B342B300D0F1A3 /* PropertyByUnique.swift in Sources */ = {isa = PBXBuildFile; fileRef = 167067DE21B342B300D0F1A3 /* PropertyByUnique.swift */; };
		167067E121B347DA00D0F1A3 /* CoreHash.swift in Sources */ = {isa = PBXBuildFile; fileRef = 167067E021B347DA00D0F1A3 /* CoreHash.swift */; };
		16854D17219DAFB60078619B /* Record.swift in Sources */ = {isa = PBXBuildFile; fileRef = 16854D16219DAFB60078619B /* Record.swift */; };
		16854D19219DAFBE0078619B /* Block.swift in Sources */ = {isa = PBXBuildFile; fileRef = 16854D18219DAFBE0078619B /* Block.swift */; };
		16854D1B219DAFCC0078619B /* DynamicHash.swift in Sources */ = {isa = PBXBuildFile; fileRef = 16854D1A219DAFCC0078619B /* DynamicHash.swift */; };
		16854D1D219DB01A0078619B /* Property.swift in Sources */ = {isa = PBXBuildFile; fileRef = 16854D1C219DB01A0078619B /* Property.swift */; };
		16891E252197122800C11030 /* AppDelegate.swift in Sources */ = {isa = PBXBuildFile; fileRef = 16891E242197122800C11030 /* AppDelegate.swift */; };
		16891E272197122800C11030 /* TestController.swift in Sources */ = {isa = PBXBuildFile; fileRef = 16891E262197122800C11030 /* TestController.swift */; };
		16891E2A2197122800C11030 /* Main.storyboard in Resources */ = {isa = PBXBuildFile; fileRef = 16891E282197122800C11030 /* Main.storyboard */; };
		16891E2C2197122900C11030 /* Assets.xcassets in Resources */ = {isa = PBXBuildFile; fileRef = 16891E2B2197122900C11030 /* Assets.xcassets */; };
		16891E2F2197122900C11030 /* LaunchScreen.storyboard in Resources */ = {isa = PBXBuildFile; fileRef = 16891E2D2197122900C11030 /* LaunchScreen.storyboard */; };
		16891E3D219712FD00C11030 /* TestController.storyboard in Resources */ = {isa = PBXBuildFile; fileRef = 16891E3C219712FD00C11030 /* TestController.storyboard */; };
		16A2299F21AB361D00026C54 /* TrieNode.swift in Sources */ = {isa = PBXBuildFile; fileRef = 16A2299E21AB361D00026C54 /* TrieNode.swift */; };
		16A229A121AB362300026C54 /* Trie.swift in Sources */ = {isa = PBXBuildFile; fileRef = 16A229A021AB362300026C54 /* Trie.swift */; };
		16A949A821A847EC00349BBA /* UnorderedFile.swift in Sources */ = {isa = PBXBuildFile; fileRef = 16A949A721A847EC00349BBA /* UnorderedFile.swift */; };
		16A949AA21A8481000349BBA /* TestModel.swift in Sources */ = {isa = PBXBuildFile; fileRef = 16A949A921A8481000349BBA /* TestModel.swift */; };
		16BE92F321A309F8003E8E43 /* Extensions.swift in Sources */ = {isa = PBXBuildFile; fileRef = 16BE92F221A309F8003E8E43 /* Extensions.swift */; };
		16BE92F521A32273003E8E43 /* BitSet.swift in Sources */ = {isa = PBXBuildFile; fileRef = 16BE92F421A32273003E8E43 /* BitSet.swift */; };
/* End PBXBuildFile section */

/* Begin PBXFileReference section */
		1612016E21A9977600EAAF0B /* ByteConverter.swift */ = {isa = PBXFileReference; lastKnownFileType = sourcecode.swift; path = ByteConverter.swift; sourceTree = "<group>"; };
		1666E4BF21A82A6700D6496B /* Constants.swift */ = {isa = PBXFileReference; lastKnownFileType = sourcecode.swift; path = Constants.swift; sourceTree = "<group>"; };
		167067DC21B3429A00D0F1A3 /* PropertyByRegionAndNumber.swift */ = {isa = PBXFileReference; lastKnownFileType = sourcecode.swift; path = PropertyByRegionAndNumber.swift; sourceTree = "<group>"; };
		167067DE21B342B300D0F1A3 /* PropertyByUnique.swift */ = {isa = PBXFileReference; lastKnownFileType = sourcecode.swift; path = PropertyByUnique.swift; sourceTree = "<group>"; };
		167067E021B347DA00D0F1A3 /* CoreHash.swift */ = {isa = PBXFileReference; lastKnownFileType = sourcecode.swift; path = CoreHash.swift; sourceTree = "<group>"; };
		16854D16219DAFB60078619B /* Record.swift */ = {isa = PBXFileReference; lastKnownFileType = sourcecode.swift; path = Record.swift; sourceTree = "<group>"; };
		16854D18219DAFBE0078619B /* Block.swift */ = {isa = PBXFileReference; lastKnownFileType = sourcecode.swift; path = Block.swift; sourceTree = "<group>"; };
		16854D1A219DAFCC0078619B /* DynamicHash.swift */ = {isa = PBXFileReference; lastKnownFileType = sourcecode.swift; path = DynamicHash.swift; sourceTree = "<group>"; };
		16854D1C219DB01A0078619B /* Property.swift */ = {isa = PBXFileReference; lastKnownFileType = sourcecode.swift; path = Property.swift; sourceTree = "<group>"; };
		16891E212197122800C11030 /* aus_sem_2_juraj_macak.app */ = {isa = PBXFileReference; explicitFileType = wrapper.application; includeInIndex = 0; path = aus_sem_2_juraj_macak.app; sourceTree = BUILT_PRODUCTS_DIR; };
		16891E242197122800C11030 /* AppDelegate.swift */ = {isa = PBXFileReference; lastKnownFileType = sourcecode.swift; path = AppDelegate.swift; sourceTree = "<group>"; };
		16891E262197122800C11030 /* TestController.swift */ = {isa = PBXFileReference; lastKnownFileType = sourcecode.swift; path = TestController.swift; sourceTree = "<group>"; };
		16891E292197122800C11030 /* Base */ = {isa = PBXFileReference; lastKnownFileType = file.storyboard; name = Base; path = Base.lproj/Main.storyboard; sourceTree = "<group>"; };
		16891E2B2197122900C11030 /* Assets.xcassets */ = {isa = PBXFileReference; lastKnownFileType = folder.assetcatalog; path = Assets.xcassets; sourceTree = "<group>"; };
		16891E2E2197122900C11030 /* Base */ = {isa = PBXFileReference; lastKnownFileType = file.storyboard; name = Base; path = Base.lproj/LaunchScreen.storyboard; sourceTree = "<group>"; };
		16891E302197122900C11030 /* Info.plist */ = {isa = PBXFileReference; lastKnownFileType = text.plist.xml; path = Info.plist; sourceTree = "<group>"; };
		16891E3C219712FD00C11030 /* TestController.storyboard */ = {isa = PBXFileReference; lastKnownFileType = file.storyboard; path = TestController.storyboard; sourceTree = "<group>"; };
		16A2299E21AB361D00026C54 /* TrieNode.swift */ = {isa = PBXFileReference; lastKnownFileType = sourcecode.swift; path = TrieNode.swift; sourceTree = "<group>"; };
		16A229A021AB362300026C54 /* Trie.swift */ = {isa = PBXFileReference; lastKnownFileType = sourcecode.swift; path = Trie.swift; sourceTree = "<group>"; };
		16A949A721A847EC00349BBA /* UnorderedFile.swift */ = {isa = PBXFileReference; lastKnownFileType = sourcecode.swift; path = UnorderedFile.swift; sourceTree = "<group>"; };
		16A949A921A8481000349BBA /* TestModel.swift */ = {isa = PBXFileReference; lastKnownFileType = sourcecode.swift; path = TestModel.swift; sourceTree = "<group>"; };
		16BE92F221A309F8003E8E43 /* Extensions.swift */ = {isa = PBXFileReference; lastKnownFileType = sourcecode.swift; path = Extensions.swift; sourceTree = "<group>"; };
		16BE92F421A32273003E8E43 /* BitSet.swift */ = {isa = PBXFileReference; lastKnownFileType = sourcecode.swift; path = BitSet.swift; sourceTree = "<group>"; };
/* End PBXFileReference section */

/* Begin PBXFrameworksBuildPhase section */
		16891E1E2197122800C11030 /* Frameworks */ = {
			isa = PBXFrameworksBuildPhase;
			buildActionMask = 2147483647;
			files = (
			);
			runOnlyForDeploymentPostprocessing = 0;
		};
/* End PBXFrameworksBuildPhase section */

/* Begin PBXGroup section */
		1666E4BE21A82A4E00D6496B /* Helpers */ = {
			isa = PBXGroup;
			children = (
				16A949A721A847EC00349BBA /* UnorderedFile.swift */,
				16BE92F421A32273003E8E43 /* BitSet.swift */,
				16BE92F221A309F8003E8E43 /* Extensions.swift */,
				1666E4BF21A82A6700D6496B /* Constants.swift */,
				1612016E21A9977600EAAF0B /* ByteConverter.swift */,
			);
			path = Helpers;
			sourceTree = "<group>";
		};
		16891E182197122800C11030 = {
			isa = PBXGroup;
			children = (
				16891E232197122800C11030 /* aus_sem_2_juraj_macak */,
				16891E222197122800C11030 /* Products */,
			);
			sourceTree = "<group>";
		};
		16891E222197122800C11030 /* Products */ = {
			isa = PBXGroup;
			children = (
				16891E212197122800C11030 /* aus_sem_2_juraj_macak.app */,
			);
			name = Products;
			sourceTree = "<group>";
		};
		16891E232197122800C11030 /* aus_sem_2_juraj_macak */ = {
			isa = PBXGroup;
			children = (
				16891E362197123A00C11030 /* Application */,
				16891E372197124100C11030 /* Model */,
				16891E382197124600C11030 /* View */,
			);
			path = aus_sem_2_juraj_macak;
			sourceTree = "<group>";
		};
		16891E362197123A00C11030 /* Application */ = {
			isa = PBXGroup;
			children = (
				16891E392197125600C11030 /* Structures */,
				1666E4BE21A82A4E00D6496B /* Helpers */,
				16891E302197122900C11030 /* Info.plist */,
				16891E242197122800C11030 /* AppDelegate.swift */,
				167067E021B347DA00D0F1A3 /* CoreHash.swift */,
			);
			path = Application;
			sourceTree = "<group>";
		};
		16891E372197124100C11030 /* Model */ = {
			isa = PBXGroup;
			children = (
				16A949A921A8481000349BBA /* TestModel.swift */,
				16854D1C219DB01A0078619B /* Property.swift */,
				167067DC21B3429A00D0F1A3 /* PropertyByRegionAndNumber.swift */,
				167067DE21B342B300D0F1A3 /* PropertyByUnique.swift */,
			);
			path = Model;
			sourceTree = "<group>";
		};
		16891E382197124600C11030 /* View */ = {
			isa = PBXGroup;
			children = (
				16891E3B219712D300C11030 /* Test */,
				16891E3A2197127A00C11030 /* Initial */,
				16891E2B2197122900C11030 /* Assets.xcassets */,
			);
			path = View;
			sourceTree = "<group>";
		};
		16891E392197125600C11030 /* Structures */ = {
			isa = PBXGroup;
			children = (
				16A2299C21AB35EF00026C54 /* Hash */,
			);
			path = Structures;
			sourceTree = "<group>";
		};
		16891E3A2197127A00C11030 /* Initial */ = {
			isa = PBXGroup;
			children = (
				16891E282197122800C11030 /* Main.storyboard */,
				16891E2D2197122900C11030 /* LaunchScreen.storyboard */,
			);
			path = Initial;
			sourceTree = "<group>";
		};
		16891E3B219712D300C11030 /* Test */ = {
			isa = PBXGroup;
			children = (
				16891E262197122800C11030 /* TestController.swift */,
				16891E3C219712FD00C11030 /* TestController.storyboard */,
			);
			path = Test;
			sourceTree = "<group>";
		};
		16A2299C21AB35EF00026C54 /* Hash */ = {
			isa = PBXGroup;
			children = (
				16A2299D21AB360F00026C54 /* Trie */,
				16854D1A219DAFCC0078619B /* DynamicHash.swift */,
				16854D16219DAFB60078619B /* Record.swift */,
				16854D18219DAFBE0078619B /* Block.swift */,
			);
			path = Hash;
			sourceTree = "<group>";
		};
		16A2299D21AB360F00026C54 /* Trie */ = {
			isa = PBXGroup;
			children = (
				16A2299E21AB361D00026C54 /* TrieNode.swift */,
				16A229A021AB362300026C54 /* Trie.swift */,
			);
			path = Trie;
			sourceTree = "<group>";
		};
/* End PBXGroup section */

/* Begin PBXNativeTarget section */
		16891E202197122800C11030 /* aus_sem_2_juraj_macak */ = {
			isa = PBXNativeTarget;
			buildConfigurationList = 16891E332197122900C11030 /* Build configuration list for PBXNativeTarget "aus_sem_2_juraj_macak" */;
			buildPhases = (
				16891E1D2197122800C11030 /* Sources */,
				16891E1E2197122800C11030 /* Frameworks */,
				16891E1F2197122800C11030 /* Resources */,
			);
			buildRules = (
			);
			dependencies = (
			);
			name = aus_sem_2_juraj_macak;
			productName = aus_sem_2_juraj_macak;
			productReference = 16891E212197122800C11030 /* aus_sem_2_juraj_macak.app */;
			productType = "com.apple.product-type.application";
		};
/* End PBXNativeTarget section */

/* Begin PBXProject section */
		16891E192197122800C11030 /* Project object */ = {
			isa = PBXProject;
			attributes = {
				LastSwiftUpdateCheck = 1010;
				LastUpgradeCheck = 1010;
				ORGANIZATIONNAME = "Juraj Macák";
				TargetAttributes = {
					16891E202197122800C11030 = {
						CreatedOnToolsVersion = 10.1;
					};
				};
			};
			buildConfigurationList = 16891E1C2197122800C11030 /* Build configuration list for PBXProject "aus_sem_2_juraj_macak" */;
			compatibilityVersion = "Xcode 9.3";
			developmentRegion = en;
			hasScannedForEncodings = 0;
			knownRegions = (
				en,
				Base,
			);
			mainGroup = 16891E182197122800C11030;
			productRefGroup = 16891E222197122800C11030 /* Products */;
			projectDirPath = "";
			projectRoot = "";
			targets = (
				16891E202197122800C11030 /* aus_sem_2_juraj_macak */,
			);
		};
/* End PBXProject section */

/* Begin PBXResourcesBuildPhase section */
		16891E1F2197122800C11030 /* Resources */ = {
			isa = PBXResourcesBuildPhase;
			buildActionMask = 2147483647;
			files = (
				16891E3D219712FD00C11030 /* TestController.storyboard in Resources */,
				16891E2F2197122900C11030 /* LaunchScreen.storyboard in Resources */,
				16891E2C2197122900C11030 /* Assets.xcassets in Resources */,
				16891E2A2197122800C11030 /* Main.storyboard in Resources */,
			);
			runOnlyForDeploymentPostprocessing = 0;
		};
/* End PBXResourcesBuildPhase section */

/* Begin PBXSourcesBuildPhase section */
		16891E1D2197122800C11030 /* Sources */ = {
			isa = PBXSourcesBuildPhase;
			buildActionMask = 2147483647;
			files = (
				16854D1D219DB01A0078619B /* Property.swift in Sources */,
				16891E272197122800C11030 /* TestController.swift in Sources */,
				16BE92F521A32273003E8E43 /* BitSet.swift in Sources */,
				16A229A121AB362300026C54 /* Trie.swift in Sources */,
				16A949AA21A8481000349BBA /* TestModel.swift in Sources */,
				16854D19219DAFBE0078619B /* Block.swift in Sources */,
				167067E121B347DA00D0F1A3 /* CoreHash.swift in Sources */,
				16854D1B219DAFCC0078619B /* DynamicHash.swift in Sources */,
				1612016F21A9977600EAAF0B /* ByteConverter.swift in Sources */,
				167067DF21B342B300D0F1A3 /* PropertyByUnique.swift in Sources */,
				16891E252197122800C11030 /* AppDelegate.swift in Sources */,
				16854D17219DAFB60078619B /* Record.swift in Sources */,
				16BE92F321A309F8003E8E43 /* Extensions.swift in Sources */,
				16A949A821A847EC00349BBA /* UnorderedFile.swift in Sources */,
				16A2299F21AB361D00026C54 /* TrieNode.swift in Sources */,
				167067DD21B3429A00D0F1A3 /* PropertyByRegionAndNumber.swift in Sources */,
				1666E4C021A82A6700D6496B /* Constants.swift in Sources */,
			);
			runOnlyForDeploymentPostprocessing = 0;
		};
/* End PBXSourcesBuildPhase section */

/* Begin PBXVariantGroup section */
		16891E282197122800C11030 /* Main.storyboard */ = {
			isa = PBXVariantGroup;
			children = (
				16891E292197122800C11030 /* Base */,
			);
			name = Main.storyboard;
			sourceTree = "<group>";
		};
		16891E2D2197122900C11030 /* LaunchScreen.storyboard */ = {
			isa = PBXVariantGroup;
			children = (
				16891E2E2197122900C11030 /* Base */,
			);
			name = LaunchScreen.storyboard;
			sourceTree = "<group>";
		};
/* End PBXVariantGroup section */

/* Begin XCBuildConfiguration section */
		16891E312197122900C11030 /* Debug */ = {
			isa = XCBuildConfiguration;
			buildSettings = {
				ALWAYS_SEARCH_USER_PATHS = NO;
				CLANG_ANALYZER_NONNULL = YES;
				CLANG_ANALYZER_NUMBER_OBJECT_CONVERSION = YES_AGGRESSIVE;
				CLANG_CXX_LANGUAGE_STANDARD = "gnu++14";
				CLANG_CXX_LIBRARY = "libc++";
				CLANG_ENABLE_MODULES = YES;
				CLANG_ENABLE_OBJC_ARC = YES;
				CLANG_ENABLE_OBJC_WEAK = YES;
				CLANG_WARN_BLOCK_CAPTURE_AUTORELEASING = YES;
				CLANG_WARN_BOOL_CONVERSION = YES;
				CLANG_WARN_COMMA = YES;
				CLANG_WARN_CONSTANT_CONVERSION = YES;
				CLANG_WARN_DEPRECATED_OBJC_IMPLEMENTATIONS = YES;
				CLANG_WARN_DIRECT_OBJC_ISA_USAGE = YES_ERROR;
				CLANG_WARN_DOCUMENTATION_COMMENTS = YES;
				CLANG_WARN_EMPTY_BODY = YES;
				CLANG_WARN_ENUM_CONVERSION = YES;
				CLANG_WARN_INFINITE_RECURSION = YES;
				CLANG_WARN_INT_CONVERSION = YES;
				CLANG_WARN_NON_LITERAL_NULL_CONVERSION = YES;
				CLANG_WARN_OBJC_IMPLICIT_RETAIN_SELF = YES;
				CLANG_WARN_OBJC_LITERAL_CONVERSION = YES;
				CLANG_WARN_OBJC_ROOT_CLASS = YES_ERROR;
				CLANG_WARN_RANGE_LOOP_ANALYSIS = YES;
				CLANG_WARN_STRICT_PROTOTYPES = YES;
				CLANG_WARN_SUSPICIOUS_MOVE = YES;
				CLANG_WARN_UNGUARDED_AVAILABILITY = YES_AGGRESSIVE;
				CLANG_WARN_UNREACHABLE_CODE = YES;
				CLANG_WARN__DUPLICATE_METHOD_MATCH = YES;
				CODE_SIGN_IDENTITY = "iPhone Developer";
				COPY_PHASE_STRIP = NO;
				DEBUG_INFORMATION_FORMAT = dwarf;
				ENABLE_STRICT_OBJC_MSGSEND = YES;
				ENABLE_TESTABILITY = YES;
				GCC_C_LANGUAGE_STANDARD = gnu11;
				GCC_DYNAMIC_NO_PIC = NO;
				GCC_NO_COMMON_BLOCKS = YES;
				GCC_OPTIMIZATION_LEVEL = 0;
				GCC_PREPROCESSOR_DEFINITIONS = (
					"DEBUG=1",
					"$(inherited)",
				);
				GCC_WARN_64_TO_32_BIT_CONVERSION = YES;
				GCC_WARN_ABOUT_RETURN_TYPE = YES_ERROR;
				GCC_WARN_UNDECLARED_SELECTOR = YES;
				GCC_WARN_UNINITIALIZED_AUTOS = YES_AGGRESSIVE;
				GCC_WARN_UNUSED_FUNCTION = YES;
				GCC_WARN_UNUSED_VARIABLE = YES;
				IPHONEOS_DEPLOYMENT_TARGET = 12.1;
				MTL_ENABLE_DEBUG_INFO = INCLUDE_SOURCE;
				MTL_FAST_MATH = YES;
				ONLY_ACTIVE_ARCH = YES;
				SDKROOT = iphoneos;
				SWIFT_ACTIVE_COMPILATION_CONDITIONS = DEBUG;
				SWIFT_OPTIMIZATION_LEVEL = "-Onone";
			};
			name = Debug;
		};
		16891E322197122900C11030 /* Release */ = {
			isa = XCBuildConfiguration;
			buildSettings = {
				ALWAYS_SEARCH_USER_PATHS = NO;
				CLANG_ANALYZER_NONNULL = YES;
				CLANG_ANALYZER_NUMBER_OBJECT_CONVERSION = YES_AGGRESSIVE;
				CLANG_CXX_LANGUAGE_STANDARD = "gnu++14";
				CLANG_CXX_LIBRARY = "libc++";
				CLANG_ENABLE_MODULES = YES;
				CLANG_ENABLE_OBJC_ARC = YES;
				CLANG_ENABLE_OBJC_WEAK = YES;
				CLANG_WARN_BLOCK_CAPTURE_AUTORELEASING = YES;
				CLANG_WARN_BOOL_CONVERSION = YES;
				CLANG_WARN_COMMA = YES;
				CLANG_WARN_CONSTANT_CONVERSION = YES;
				CLANG_WARN_DEPRECATED_OBJC_IMPLEMENTATIONS = YES;
				CLANG_WARN_DIRECT_OBJC_ISA_USAGE = YES_ERROR;
				CLANG_WARN_DOCUMENTATION_COMMENTS = YES;
				CLANG_WARN_EMPTY_BODY = YES;
				CLANG_WARN_ENUM_CONVERSION = YES;
				CLANG_WARN_INFINITE_RECURSION = YES;
				CLANG_WARN_INT_CONVERSION = YES;
				CLANG_WARN_NON_LITERAL_NULL_CONVERSION = YES;
				CLANG_WARN_OBJC_IMPLICIT_RETAIN_SELF = YES;
				CLANG_WARN_OBJC_LITERAL_CONVERSION = YES;
				CLANG_WARN_OBJC_ROOT_CLASS = YES_ERROR;
				CLANG_WARN_RANGE_LOOP_ANALYSIS = YES;
				CLANG_WARN_STRICT_PROTOTYPES = YES;
				CLANG_WARN_SUSPICIOUS_MOVE = YES;
				CLANG_WARN_UNGUARDED_AVAILABILITY = YES_AGGRESSIVE;
				CLANG_WARN_UNREACHABLE_CODE = YES;
				CLANG_WARN__DUPLICATE_METHOD_MATCH = YES;
				CODE_SIGN_IDENTITY = "iPhone Developer";
				COPY_PHASE_STRIP = NO;
				DEBUG_INFORMATION_FORMAT = "dwarf-with-dsym";
				ENABLE_NS_ASSERTIONS = NO;
				ENABLE_STRICT_OBJC_MSGSEND = YES;
				GCC_C_LANGUAGE_STANDARD = gnu11;
				GCC_NO_COMMON_BLOCKS = YES;
				GCC_WARN_64_TO_32_BIT_CONVERSION = YES;
				GCC_WARN_ABOUT_RETURN_TYPE = YES_ERROR;
				GCC_WARN_UNDECLARED_SELECTOR = YES;
				GCC_WARN_UNINITIALIZED_AUTOS = YES_AGGRESSIVE;
				GCC_WARN_UNUSED_FUNCTION = YES;
				GCC_WARN_UNUSED_VARIABLE = YES;
				IPHONEOS_DEPLOYMENT_TARGET = 12.1;
				MTL_ENABLE_DEBUG_INFO = NO;
				MTL_FAST_MATH = YES;
				SDKROOT = iphoneos;
				SWIFT_COMPILATION_MODE = wholemodule;
				SWIFT_OPTIMIZATION_LEVEL = "-O";
				VALIDATE_PRODUCT = YES;
			};
			name = Release;
		};
		16891E342197122900C11030 /* Debug */ = {
			isa = XCBuildConfiguration;
			buildSettings = {
				ASSETCATALOG_COMPILER_APPICON_NAME = AppIcon;
				CODE_SIGN_STYLE = Automatic;
				DEVELOPMENT_TEAM = 3B3LMUX9VD;
				INFOPLIST_FILE = "$(SRCROOT)/aus_sem_2_juraj_macak/Application/Info.plist";
				LD_RUNPATH_SEARCH_PATHS = (
					"$(inherited)",
					"@executable_path/Frameworks",
				);
				PRODUCT_BUNDLE_IDENTIFIER = "aus-sem-2-juraj-macak.aus-sem-2-juraj-macak";
				PRODUCT_NAME = "$(TARGET_NAME)";
				SWIFT_VERSION = 4.2;
				TARGETED_DEVICE_FAMILY = "1,2";
			};
			name = Debug;
		};
		16891E352197122900C11030 /* Release */ = {
			isa = XCBuildConfiguration;
			buildSettings = {
				ASSETCATALOG_COMPILER_APPICON_NAME = AppIcon;
				CODE_SIGN_STYLE = Automatic;
				DEVELOPMENT_TEAM = 3B3LMUX9VD;
				INFOPLIST_FILE = "$(SRCROOT)/aus_sem_2_juraj_macak/Application/Info.plist";
				LD_RUNPATH_SEARCH_PATHS = (
					"$(inherited)",
					"@executable_path/Frameworks",
				);
				PRODUCT_BUNDLE_IDENTIFIER = "aus-sem-2-juraj-macak.aus-sem-2-juraj-macak";
				PRODUCT_NAME = "$(TARGET_NAME)";
				SWIFT_VERSION = 4.2;
				TARGETED_DEVICE_FAMILY = "1,2";
			};
			name = Release;
		};
/* End XCBuildConfiguration section */

/* Begin XCConfigurationList section */
		16891E1C2197122800C11030 /* Build configuration list for PBXProject "aus_sem_2_juraj_macak" */ = {
			isa = XCConfigurationList;
			buildConfigurations = (
				16891E312197122900C11030 /* Debug */,
				16891E322197122900C11030 /* Release */,
			);
			defaultConfigurationIsVisible = 0;
			defaultConfigurationName = Release;
		};
		16891E332197122900C11030 /* Build configuration list for PBXNativeTarget "aus_sem_2_juraj_macak" */ = {
			isa = XCConfigurationList;
			buildConfigurations = (
				16891E342197122900C11030 /* Debug */,
				16891E352197122900C11030 /* Release */,
			);
			defaultConfigurationIsVisible = 0;
			defaultConfigurationName = Release;
		};
/* End XCConfigurationList section */
	};
	rootObject = 16891E192197122800C11030 /* Project object */;
}
